
Microsoft Visual Studio Solution File, Format Version 12.00
# Visual Studio Version 17
VisualStudioVersion = 17.2.32630.192
MinimumVisualStudioVersion = 10.0.40219.1
Project("{FAE04EC0-301F-11D3-BF4B-00C04F79EFBC}") = "UniversityApiBackend", "UniversityApiBackend\UniversityApiBackend.csproj", "{D75654C0-5C41-40FB-84D2-8D7CED687311}"
EndProject
Global
	GlobalSection(SolutionConfigurationPlatforms) = preSolution
		Debug|Any CPU = Debug|Any CPU
		Release|Any CPU = Release|Any CPU
	EndGlobalSection
	GlobalSection(ProjectConfigurationPlatforms) = postSolution
		{D75654C0-5C41-40FB-84D2-8D7CED687311}.Debug|Any CPU.ActiveCfg = Debug|Any CPU
		{D75654C0-5C41-40FB-84D2-8D7CED687311}.Debug|Any CPU.Build.0 = Debug|Any CPU
		{D75654C0-5C41-40FB-84D2-8D7CED687311}.Release|Any CPU.ActiveCfg = Release|Any CPU
		{D75654C0-5C41-40FB-84D2-8D7CED687311}.Release|Any CPU.Build.0 = Release|Any CPU
	EndGlobalSection
	GlobalSection(SolutionProperties) = preSolution
		HideSolutionNode = FALSE
	EndGlobalSection
	GlobalSection(ExtensibilityGlobals) = postSolution
		SolutionGuid = {954B980E-78CD-4035-BA48-8F1751AD32BC}
	EndGlobalSection
EndGlobal
